{
    "_meta": {
        "hash": {
            "sha256": "54cf484e1d9871744583f75f209bc48122ddfd07d5a318809c2ee5e338c8ce3b"
        },
        "pipfile-spec": 6,
        "requires": {
            "python_version": "3.10"
        },
        "sources": [
            {
                "name": "pypi",
                "url": "https://pypi.org/simple",
                "verify_ssl": true
            }
        ]
    },
    "default": {
        "certifi": {
            "hashes": [
                "sha256:84c85a9078b11105f04f3036a9482ae10e4621616db313fe045dd24743a0820d",
                "sha256:fe86415d55e84719d75f8b69414f6438ac3547d2078ab91b67e779ef69378412"
            ],
            "markers": "python_version >= '3.6'",
            "version": "==2022.6.15"
        },
        "charset-normalizer": {
            "hashes": [
                "sha256:2857e29ff0d34db842cd7ca3230549d1a697f96ee6d3fb071cfa6c7393832597",
                "sha256:6881edbebdb17b39b4eaaa821b438bf6eddffb4468cf344f09f89def34a8b1df"
            ],
            "markers": "python_version >= '3.5'",
            "version": "==2.0.12"
        },
        "click": {
            "hashes": [
                "sha256:7682dc8afb30297001674575ea00d1814d808d6a36af415a82bd481d37ba7b8e",
                "sha256:bb4d8133cb15a609f44e8213d9b391b0809795062913b383c62be0ee95b1db48"
            ],
            "index": "pypi",
            "version": "==8.1.3"
        },
        "fdsnnetextender": {
            "hashes": [
                "sha256:ec3e3339724a95cd698c7ea020225eccb6424e9bafa99c842d380295da935aff"
            ],
            "index": "pypi",
            "version": "==3.2.0"
        },
        "idna": {
            "hashes": [
                "sha256:84d9dd047ffa80596e0f246e2eab0b391788b0503584e8945f2368256d2735ff",
                "sha256:9d643ff0a55b762d5cdb124b8eaa99c66322e2157b69160bc32796e824360e6d"
            ],
            "markers": "python_version >= '3.5'",
            "version": "==3.3"
        },
        "mmh3": {
            "hashes": [
                "sha256:01e456edf9cc381298a590923aadd1c0bf9934d93433099a5001d656112437c2",
                "sha256:07f1308a410dc406d6a3c282a685728d00a87f3ed684f012671b96d6cc6a41c3",
                "sha256:0fd09c4b61fcddbcf0a87d5463b4e6d2919896736a67efc5248d5c74c1c9c742",
                "sha256:12484ac80373db77d8a6beb7615e7dac8b6c3fb118905311a51450b4fc4a24d1",
                "sha256:150439b906b4deaf6d796b2c2d11fb6159f08d02330d97723071ab3bf43b51df",
                "sha256:167cbc2b5ae27f3bccd797a2e8a9e7561791bee4cc2885f2c140eedc5df000ef",
                "sha256:19874e12acb4119ef1ef83062ef4ac953c3343dd07a67ede8fa096d0393f34be",
                "sha256:23912dde2ad4f701926948dd8e79a0e42b000f73962806f153931f52985e1e07",
                "sha256:2b6c79fc314b34b911245b460a79b601fff39bb807521fb7ed7c15cacf0394ac",
                "sha256:3566d1455fa4a09f8fb1aa5b37f68914949674f9aa2bd630e9fdf344207f55b5",
                "sha256:3e52b869572c09db0c1a483f6e9cedbccfae8a282d95e552d3d4bd0712ab3196",
                "sha256:4589adcb609d1547aac7c1ac1064eb27cdd44b65b7e8a114e2971cd3b7110306",
                "sha256:6d0b3e9def1fdfe4eadd35ee26bf72bd715ba97711f7101302d54c9d2e70ba27",
                "sha256:7a311efd4ecf122f21392ec6bf447c620cc783d20bdb9aec60bb469a54318419",
                "sha256:8803d28c17cf898f5f00c0433e8b13d51fa3bb4ebecf59872ba1eaa20d94128a",
                "sha256:8fb833c2942917eff54f984b067d93e5a3c54dbb00720323460cdfed9292835f",
                "sha256:9097be65aa95460bc68b6108601da8894757532450daf74034e4eaecd536acca",
                "sha256:92fdffd63edb67c30dbaba18a7448d762209c0e678b0c9d577d17b30362b59a3",
                "sha256:93c96e657e9bf9e9ef12ddaeae9f109c0b3134146e2eff2cbddde5a34190920e",
                "sha256:b7d26d0243ed9a5b8bf7aa8c53697cb79dff1e1d207f42396b7a7cb2a62298b7",
                "sha256:bd870aedd9189eff1cf4e1687869b56c7e9461ee869789139c3e704009e5c227",
                "sha256:c17fe2e276edd37ad8a6aff3b1663d3479c2c5c5993539c1050422a1dae33033",
                "sha256:d1ec578c09a07d3518ec9be540b87546397fa3455de73c166fcce51eaa5c41c5",
                "sha256:e08a5d81a2ff53625953290187bed4ae96a6972e2b5cd5984a6ebc5a9aab256c",
                "sha256:f1cce018cc82a8a6287e6aeb139e441129837b810f2ddf372e3ff7f0fefb0947",
                "sha256:ff69ddc2d46e3e42720840b6b4f7bfb032fd1e677fac347fdfff6e4d9fd01212"
            ],
            "index": "pypi",
            "version": "==3.0.0"
        },
        "numpy": {
            "hashes": [
                "sha256:0791fbd1e43bf74b3502133207e378901272f3c156c4df4954cad833b1380207",
                "sha256:1ce7ab2053e36c0a71e7a13a7475bd3b1f54750b4b433adc96313e127b870887",
                "sha256:2d487e06ecbf1dc2f18e7efce82ded4f705f4bd0cd02677ffccfb39e5c284c7e",
                "sha256:37431a77ceb9307c28382c9773da9f306435135fae6b80b62a11c53cfedd8802",
                "sha256:3e1ffa4748168e1cc8d3cde93f006fe92b5421396221a02f2274aab6ac83b077",
                "sha256:425b390e4619f58d8526b3dcf656dde069133ae5c240229821f01b5f44ea07af",
                "sha256:43a8ca7391b626b4c4fe20aefe79fec683279e31e7c79716863b4b25021e0e74",
                "sha256:4c6036521f11a731ce0648f10c18ae66d7143865f19f7299943c985cdc95afb5",
                "sha256:59d55e634968b8f77d3fd674a3cf0b96e85147cd6556ec64ade018f27e9479e1",
                "sha256:64f56fc53a2d18b1924abd15745e30d82a5782b2cab3429aceecc6875bd5add0",
                "sha256:7228ad13744f63575b3a972d7ee4fd61815b2879998e70930d4ccf9ec721dce0",
                "sha256:9ce7df0abeabe7fbd8ccbf343dc0db72f68549856b863ae3dd580255d009648e",
                "sha256:a911e317e8c826ea632205e63ed8507e0dc877dcdc49744584dfc363df9ca08c",
                "sha256:b89bf9b94b3d624e7bb480344e91f68c1c6c75f026ed6755955117de00917a7c",
                "sha256:ba9ead61dfb5d971d77b6c131a9dbee62294a932bf6a356e48c75ae684e635b3",
                "sha256:c1d937820db6e43bec43e8d016b9b3165dcb42892ea9f106c70fb13d430ffe72",
                "sha256:cc7f00008eb7d3f2489fca6f334ec19ca63e31371be28fd5dad955b16ec285bd",
                "sha256:d4c5d5eb2ec8da0b4f50c9a843393971f31f1d60be87e0fb0917a49133d257d6",
                "sha256:e96d7f3096a36c8754207ab89d4b3282ba7b49ea140e4973591852c77d09eb76",
                "sha256:f0725df166cf4785c0bc4cbfb320203182b1ecd30fee6e541c8752a92df6aa32",
                "sha256:f3eb268dbd5cfaffd9448113539e44e2dd1c5ca9ce25576f7c04a5453edc26fa",
                "sha256:fb7a980c81dd932381f8228a426df8aeb70d59bbcda2af075b627bbc50207cba"
            ],
            "markers": "python_version >= '3.8'",
            "version": "==1.22.4"
        },
        "python-hll": {
            "hashes": [
                "sha256:65c3bb7cefbab542221b02e03559599721e25fef841da12cc252ac97bbdd5dd1",
                "sha256:a8f04cccfc2dccd595016871f12c693fa428c0ae2c8d54f7adaa155fa522c65e"
            ],
            "index": "pypi",
            "version": "==0.1.3"
        },
        "python-magic": {
            "hashes": [
                "sha256:c1ba14b08e4a5f5c31a302b7721239695b2f0f058d125bd5ce1ee36b9d9d3c3b",
                "sha256:c212960ad306f700aa0d01e5d7a325d20548ff97eb9920dcd29513174f0294d3"
            ],
            "index": "pypi",
            "version": "==0.4.27"
        },
        "requests": {
            "hashes": [
                "sha256:bc7861137fbce630f17b03d3ad02ad0bf978c844f3536d0edda6499dafce2b6f",
                "sha256:d568723a7ebd25875d8d1eaf5dfa068cd2fc8194b2e483d7b1f7c81918dbec6b"
            ],
            "index": "pypi",
            "version": "==2.28.0"
        },
        "urllib3": {
            "hashes": [
                "sha256:44ece4d53fb1706f667c9bd1c648f5469a2ec925fcf3a776667042d645472c14",
                "sha256:aabaf16477806a5e1dd19aa41f8c2b7950dd3c746362d7e3223dbe6de6ac448e"
            ],
            "markers": "python_version >= '2.7' and python_version not in '3.0, 3.1, 3.2, 3.3, 3.4' and python_version < '4'",
            "version": "==1.26.9"
        }
    },
    "develop": {
        "attrs": {
            "hashes": [
                "sha256:2d27e3784d7a565d36ab851fe94887c5eccd6a463168875832a1be79c82828b4",
                "sha256:626ba8234211db98e869df76230a137c4c40a12d72445c45d5f5b716f076e2fd"
            ],
            "markers": "python_version >= '2.7' and python_version not in '3.0, 3.1, 3.2, 3.3, 3.4'",
            "version": "==21.4.0"
        },
        "iniconfig": {
            "hashes": [
                "sha256:011e24c64b7f47f6ebd835bb12a743f2fbe9a26d4cecaa7f53bc4f35ee9da8b3",
                "sha256:bc3af051d7d14b2ee5ef9969666def0cd1a000e121eaea580d4a313df4b37f32"
            ],
            "version": "==1.1.1"
        },
        "packaging": {
            "hashes": [
                "sha256:dd47c42927d89ab911e606518907cc2d3a1f38bbd026385970643f9c5b8ecfeb",
                "sha256:ef103e05f519cdc783ae24ea4e2e0f508a9c99b2d4969652eed6a2e1ea5bd522"
            ],
            "markers": "python_version >= '3.6'",
            "version": "==21.3"
        },
        "pluggy": {
            "hashes": [
                "sha256:4224373bacce55f955a878bf9cfa763c1e360858e330072059e10bad68531159",
                "sha256:74134bbf457f031a36d68416e1509f34bd5ccc019f0bcc952c7b909d06b37bd3"
            ],
            "markers": "python_version >= '3.6'",
            "version": "==1.0.0"
        },
        "py": {
            "hashes": [
                "sha256:51c75c4126074b472f746a24399ad32f6053d1b34b68d2fa41e558e6f4a98719",
                "sha256:607c53218732647dff4acdfcd50cb62615cedf612e72d1724fb1a0cc6405b378"
            ],
            "markers": "python_version >= '2.7' and python_version not in '3.0, 3.1, 3.2, 3.3, 3.4'",
            "version": "==1.11.0"
        },
        "pyparsing": {
            "hashes": [
                "sha256:2b020ecf7d21b687f219b71ecad3631f644a47f01403fa1d1036b0c6416d70fb",
                "sha256:5026bae9a10eeaefb61dab2f09052b9f4307d44aee4eda64b309723d8d206bbc"
            ],
            "markers": "python_full_version >= '3.6.8'",
            "version": "==3.0.9"
        },
        "pytest": {
            "hashes": [
                "sha256:13d0e3ccfc2b6e26be000cb6568c832ba67ba32e719443bfe725814d3c42433c",
                "sha256:a06a0425453864a270bc45e71f783330a7428defb4230fb5e6a731fde06ecd45"
            ],
            "index": "pypi",
            "version": "==7.1.2"
        },
        "pytest-datafiles": {
            "hashes": [
                "sha256:6f6558d2a6e7cbde714f62411ce84e5c02ccd195bd7a50263bfdd888be4a1544",
                "sha256:c64ec8ffffbdedaaceed82de65a1eaf68b3a5b02a5ff1c159dbf891dfe2817f8"
            ],
            "index": "pypi",
            "version": "==2.0.1"
        },
        "tomli": {
            "hashes": [
                "sha256:939de3e7a6161af0c887ef91b7d41a53e7c5a1ca976325f429cb46ea9bc30ecc",
                "sha256:de526c12914f0c550d15924c62d72abc48d6fe7364aa87328337a31007fe8a4f"
            ],
            "markers": "python_version >= '3.7'",
            "version": "==2.0.1"
        }
    }
}
